// !$*UTF8*$!
{
	archiveVersion = 1;
	classes = {
	};
	objectVersion = 50;
	objects = {

/* Begin PBXBuildFile section */
		D52485DD21E873470001991F /* AppDelegate.swift in Sources */ = {isa = PBXBuildFile; fileRef = D52485DC21E873470001991F /* AppDelegate.swift */; };
		D52485DF21E873470001991F /* ViewController.swift in Sources */ = {isa = PBXBuildFile; fileRef = D52485DE21E873470001991F /* ViewController.swift */; };
		D52485E221E873470001991F /* Main.storyboard in Resources */ = {isa = PBXBuildFile; fileRef = D52485E021E873470001991F /* Main.storyboard */; };
		D52485E421E873480001991F /* Assets.xcassets in Resources */ = {isa = PBXBuildFile; fileRef = D52485E321E873480001991F /* Assets.xcassets */; };
		D52485E721E873480001991F /* LaunchScreen.storyboard in Resources */ = {isa = PBXBuildFile; fileRef = D52485E521E873480001991F /* LaunchScreen.storyboard */; };
		D52485F221E873480001991F /* ZXSwitchTests.swift in Sources */ = {isa = PBXBuildFile; fileRef = D52485F121E873480001991F /* ZXSwitchTests.swift */; };
		D52485FD21E873480001991F /* ZXSwitchUITests.swift in Sources */ = {isa = PBXBuildFile; fileRef = D52485FC21E873480001991F /* ZXSwitchUITests.swift */; };
		D524860F21E874A40001991F /* ZXSwitchSetUp.swift in Sources */ = {isa = PBXBuildFile; fileRef = D524860B21E874A40001991F /* ZXSwitchSetUp.swift */; };
		D524861021E874A40001991F /* ZXSwitch.swift in Sources */ = {isa = PBXBuildFile; fileRef = D524860C21E874A40001991F /* ZXSwitch.swift */; };
		D524861121E874A40001991F /* ZXSwitchProtocol.swift in Sources */ = {isa = PBXBuildFile; fileRef = D524860D21E874A40001991F /* ZXSwitchProtocol.swift */; };
		D524861221E874A40001991F /* ZXSwitchSlider.swift in Sources */ = {isa = PBXBuildFile; fileRef = D524860E21E874A40001991F /* ZXSwitchSlider.swift */; };
/* End PBXBuildFile section */

/* Begin PBXContainerItemProxy section */
		D52485EE21E873480001991F /* PBXContainerItemProxy */ = {
			isa = PBXContainerItemProxy;
			containerPortal = D52485D121E873470001991F /* Project object */;
			proxyType = 1;
			remoteGlobalIDString = D52485D821E873470001991F;
			remoteInfo = ZXSwitch;
		};
		D52485F921E873480001991F /* PBXContainerItemProxy */ = {
			isa = PBXContainerItemProxy;
			containerPortal = D52485D121E873470001991F /* Project object */;
			proxyType = 1;
			remoteGlobalIDString = D52485D821E873470001991F;
			remoteInfo = ZXSwitch;
		};
/* End PBXContainerItemProxy section */

/* Begin PBXFileReference section */
		D52485D921E873470001991F /* ZXSwitch.app */ = {isa = PBXFileReference; explicitFileType = wrapper.application; includeInIndex = 0; path = ZXSwitch.app; sourceTree = BUILT_PRODUCTS_DIR; };
		D52485DC21E873470001991F /* AppDelegate.swift */ = {isa = PBXFileReference; lastKnownFileType = sourcecode.swift; path = AppDelegate.swift; sourceTree = "<group>"; };
		D52485DE21E873470001991F /* ViewController.swift */ = {isa = PBXFileReference; lastKnownFileType = sourcecode.swift; path = ViewController.swift; sourceTree = "<group>"; };
		D52485E121E873470001991F /* Base */ = {isa = PBXFileReference; lastKnownFileType = file.storyboard; name = Base; path = Base.lproj/Main.storyboard; sourceTree = "<group>"; };
		D52485E321E873480001991F /* Assets.xcassets */ = {isa = PBXFileReference; lastKnownFileType = folder.assetcatalog; path = Assets.xcassets; sourceTree = "<group>"; };
		D52485E621E873480001991F /* Base */ = {isa = PBXFileReference; lastKnownFileType = file.storyboard; name = Base; path = Base.lproj/LaunchScreen.storyboard; sourceTree = "<group>"; };
		D52485E821E873480001991F /* Info.plist */ = {isa = PBXFileReference; lastKnownFileType = text.plist.xml; path = Info.plist; sourceTree = "<group>"; };
		D52485ED21E873480001991F /* ZXSwitchTests.xctest */ = {isa = PBXFileReference; explicitFileType = wrapper.cfbundle; includeInIndex = 0; path = ZXSwitchTests.xctest; sourceTree = BUILT_PRODUCTS_DIR; };
		D52485F121E873480001991F /* ZXSwitchTests.swift */ = {isa = PBXFileReference; lastKnownFileType = sourcecode.swift; path = ZXSwitchTests.swift; sourceTree = "<group>"; };
		D52485F321E873480001991F /* Info.plist */ = {isa = PBXFileReference; lastKnownFileType = text.plist.xml; path = Info.plist; sourceTree = "<group>"; };
		D52485F821E873480001991F /* ZXSwitchUITests.xctest */ = {isa = PBXFileReference; explicitFileType = wrapper.cfbundle; includeInIndex = 0; path = ZXSwitchUITests.xctest; sourceTree = BUILT_PRODUCTS_DIR; };
		D52485FC21E873480001991F /* ZXSwitchUITests.swift */ = {isa = PBXFileReference; lastKnownFileType = sourcecode.swift; path = ZXSwitchUITests.swift; sourceTree = "<group>"; };
		D52485FE21E873480001991F /* Info.plist */ = {isa = PBXFileReference; lastKnownFileType = text.plist.xml; path = Info.plist; sourceTree = "<group>"; };
		D524860B21E874A40001991F /* ZXSwitchSetUp.swift */ = {isa = PBXFileReference; fileEncoding = 4; lastKnownFileType = sourcecode.swift; path = ZXSwitchSetUp.swift; sourceTree = "<group>"; };
		D524860C21E874A40001991F /* ZXSwitch.swift */ = {isa = PBXFileReference; fileEncoding = 4; lastKnownFileType = sourcecode.swift; path = ZXSwitch.swift; sourceTree = "<group>"; };
		D524860D21E874A40001991F /* ZXSwitchProtocol.swift */ = {isa = PBXFileReference; fileEncoding = 4; lastKnownFileType = sourcecode.swift; path = ZXSwitchProtocol.swift; sourceTree = "<group>"; };
		D524860E21E874A40001991F /* ZXSwitchSlider.swift */ = {isa = PBXFileReference; fileEncoding = 4; lastKnownFileType = sourcecode.swift; path = ZXSwitchSlider.swift; sourceTree = "<group>"; };
/* End PBXFileReference section */

/* Begin PBXFrameworksBuildPhase section */
		D52485D621E873470001991F /* Frameworks */ = {
			isa = PBXFrameworksBuildPhase;
			buildActionMask = 2147483647;
			files = (
			);
			runOnlyForDeploymentPostprocessing = 0;
		};
		D52485EA21E873480001991F /* Frameworks */ = {
			isa = PBXFrameworksBuildPhase;
			buildActionMask = 2147483647;
			files = (
			);
			runOnlyForDeploymentPostprocessing = 0;
		};
		D52485F521E873480001991F /* Frameworks */ = {
			isa = PBXFrameworksBuildPhase;
			buildActionMask = 2147483647;
			files = (
			);
			runOnlyForDeploymentPostprocessing = 0;
		};
/* End PBXFrameworksBuildPhase section */

/* Begin PBXGroup section */
		D52485D021E873470001991F = {
			isa = PBXGroup;
			children = (
				D52485DB21E873470001991F /* ZXSwitch */,
				D52485F021E873480001991F /* ZXSwitchTests */,
				D52485FB21E873480001991F /* ZXSwitchUITests */,
				D52485DA21E873470001991F /* Products */,
			);
			sourceTree = "<group>";
		};
		D52485DA21E873470001991F /* Products */ = {
			isa = PBXGroup;
			children = (
				D52485D921E873470001991F /* ZXSwitch.app */,
				D52485ED21E873480001991F /* ZXSwitchTests.xctest */,
				D52485F821E873480001991F /* ZXSwitchUITests.xctest */,
			);
			name = Products;
			sourceTree = "<group>";
		};
		D52485DB21E873470001991F /* ZXSwitch */ = {
			isa = PBXGroup;
			children = (
				D524860A21E8747F0001991F /* Classes */,
				D52485DC21E873470001991F /* AppDelegate.swift */,
				D52485DE21E873470001991F /* ViewController.swift */,
				D52485E021E873470001991F /* Main.storyboard */,
				D52485E321E873480001991F /* Assets.xcassets */,
				D52485E521E873480001991F /* LaunchScreen.storyboard */,
				D52485E821E873480001991F /* Info.plist */,
			);
			path = ZXSwitch;
			sourceTree = "<group>";
		};
		D52485F021E873480001991F /* ZXSwitchTests */ = {
			isa = PBXGroup;
			children = (
				D52485F121E873480001991F /* ZXSwitchTests.swift */,
				D52485F321E873480001991F /* Info.plist */,
			);
			path = ZXSwitchTests;
			sourceTree = "<group>";
		};
		D52485FB21E873480001991F /* ZXSwitchUITests */ = {
			isa = PBXGroup;
			children = (
				D52485FC21E873480001991F /* ZXSwitchUITests.swift */,
				D52485FE21E873480001991F /* Info.plist */,
			);
			path = ZXSwitchUITests;
			sourceTree = "<group>";
		};
		D524860A21E8747F0001991F /* Classes */ = {
			isa = PBXGroup;
			children = (
				D524860C21E874A40001991F /* ZXSwitch.swift */,
				D524860D21E874A40001991F /* ZXSwitchProtocol.swift */,
				D524860B21E874A40001991F /* ZXSwitchSetUp.swift */,
				D524860E21E874A40001991F /* ZXSwitchSlider.swift */,
			);
			path = Classes;
			sourceTree = "<group>";
		};
/* End PBXGroup section */

/* Begin PBXNativeTarget section */
		D52485D821E873470001991F /* ZXSwitch */ = {
			isa = PBXNativeTarget;
			buildConfigurationList = D524860121E873480001991F /* Build configuration list for PBXNativeTarget "ZXSwitch" */;
			buildPhases = (
				D52485D521E873470001991F /* Sources */,
				D52485D621E873470001991F /* Frameworks */,
				D52485D721E873470001991F /* Resources */,
			);
			buildRules = (
			);
			dependencies = (
			);
			name = ZXSwitch;
			productName = ZXSwitch;
			productReference = D52485D921E873470001991F /* ZXSwitch.app */;
			productType = "com.apple.product-type.application";
		};
		D52485EC21E873480001991F /* ZXSwitchTests */ = {
			isa = PBXNativeTarget;
			buildConfigurationList = D524860421E873480001991F /* Build configuration list for PBXNativeTarget "ZXSwitchTests" */;
			buildPhases = (
				D52485E921E873480001991F /* Sources */,
				D52485EA21E873480001991F /* Frameworks */,
				D52485EB21E873480001991F /* Resources */,
			);
			buildRules = (
			);
			dependencies = (
				D52485EF21E873480001991F /* PBXTargetDependency */,
			);
			name = ZXSwitchTests;
			productName = ZXSwitchTests;
			productReference = D52485ED21E873480001991F /* ZXSwitchTests.xctest */;
			productType = "com.apple.product-type.bundle.unit-test";
		};
		D52485F721E873480001991F /* ZXSwitchUITests */ = {
			isa = PBXNativeTarget;
			buildConfigurationList = D524860721E873480001991F /* Build configuration list for PBXNativeTarget "ZXSwitchUITests" */;
			buildPhases = (
				D52485F421E873480001991F /* Sources */,
				D52485F521E873480001991F /* Frameworks */,
				D52485F621E873480001991F /* Resources */,
			);
			buildRules = (
			);
			dependencies = (
				D52485FA21E873480001991F /* PBXTargetDependency */,
			);
			name = ZXSwitchUITests;
			productName = ZXSwitchUITests;
			productReference = D52485F821E873480001991F /* ZXSwitchUITests.xctest */;
			productType = "com.apple.product-type.bundle.ui-testing";
		};
/* End PBXNativeTarget section */

/* Begin PBXProject section */
		D52485D121E873470001991F /* Project object */ = {
			isa = PBXProject;
			attributes = {
				LastSwiftUpdateCheck = 1010;
				LastUpgradeCheck = 1010;
				ORGANIZATIONNAME = LionPig;
				TargetAttributes = {
					D52485D821E873470001991F = {
						CreatedOnToolsVersion = 10.1;
					};
					D52485EC21E873480001991F = {
						CreatedOnToolsVersion = 10.1;
						TestTargetID = D52485D821E873470001991F;
					};
					D52485F721E873480001991F = {
						CreatedOnToolsVersion = 10.1;
						TestTargetID = D52485D821E873470001991F;
					};
				};
			};
			buildConfigurationList = D52485D421E873470001991F /* Build configuration list for PBXProject "ZXSwitch" */;
			compatibilityVersion = "Xcode 9.3";
			developmentRegion = en;
			hasScannedForEncodings = 0;
			knownRegions = (
				en,
				Base,
			);
			mainGroup = D52485D021E873470001991F;
			productRefGroup = D52485DA21E873470001991F /* Products */;
			projectDirPath = "";
			projectRoot = "";
			targets = (
				D52485D821E873470001991F /* ZXSwitch */,
				D52485EC21E873480001991F /* ZXSwitchTests */,
				D52485F721E873480001991F /* ZXSwitchUITests */,
			);
		};
/* End PBXProject section */

/* Begin PBXResourcesBuildPhase section */
		D52485D721E873470001991F /* Resources */ = {
			isa = PBXResourcesBuildPhase;
			buildActionMask = 2147483647;
			files = (
				D52485E721E873480001991F /* LaunchScreen.storyboard in Resources */,
				D52485E421E873480001991F /* Assets.xcassets in Resources */,
				D52485E221E873470001991F /* Main.storyboard in Resources */,
			);
			runOnlyForDeploymentPostprocessing = 0;
		};
		D52485EB21E873480001991F /* Resources */ = {
			isa = PBXResourcesBuildPhase;
			buildActionMask = 2147483647;
			files = (
			);
			runOnlyForDeploymentPostprocessing = 0;
		};
		D52485F621E873480001991F /* Resources */ = {
			isa = PBXResourcesBuildPhase;
			buildActionMask = 2147483647;
			files = (
			);
			runOnlyForDeploymentPostprocessing = 0;
		};
/* End PBXResourcesBuildPhase section */

/* Begin PBXSourcesBuildPhase section */
		D52485D521E873470001991F /* Sources */ = {
			isa = PBXSourcesBuildPhase;
			buildActionMask = 2147483647;
			files = (
				D524861121E874A40001991F /* ZXSwitchProtocol.swift in Sources */,
				D52485DF21E873470001991F /* ViewController.swift in Sources */,
				D524861221E874A40001991F /* ZXSwitchSlider.swift in Sources */,
				D524861021E874A40001991F /* ZXSwitch.swift in Sources */,
				D524860F21E874A40001991F /* ZXSwitchSetUp.swift in Sources */,
				D52485DD21E873470001991F /* AppDelegate.swift in Sources */,
			);
			runOnlyForDeploymentPostprocessing = 0;
		};
		D52485E921E873480001991F /* Sources */ = {
			isa = PBXSourcesBuildPhase;
			buildActionMask = 2147483647;
			files = (
				D52485F221E873480001991F /* ZXSwitchTests.swift in Sources */,
			);
			runOnlyForDeploymentPostprocessing = 0;
		};
		D52485F421E873480001991F /* Sources */ = {
			isa = PBXSourcesBuildPhase;
			buildActionMask = 2147483647;
			files = (
				D52485FD21E873480001991F /* ZXSwitchUITests.swift in Sources */,
			);
			runOnlyForDeploymentPostprocessing = 0;
		};
/* End PBXSourcesBuildPhase section */

/* Begin PBXTargetDependency section */
		D52485EF21E873480001991F /* PBXTargetDependency */ = {
			isa = PBXTargetDependency;
			target = D52485D821E873470001991F /* ZXSwitch */;
			targetProxy = D52485EE21E873480001991F /* PBXContainerItemProxy */;
		};
		D52485FA21E873480001991F /* PBXTargetDependency */ = {
			isa = PBXTargetDependency;
			target = D52485D821E873470001991F /* ZXSwitch */;
			targetProxy = D52485F921E873480001991F /* PBXContainerItemProxy */;
		};
/* End PBXTargetDependency section */

/* Begin PBXVariantGroup section */
		D52485E021E873470001991F /* Main.storyboard */ = {
			isa = PBXVariantGroup;
			children = (
				D52485E121E873470001991F /* Base */,
			);
			name = Main.storyboard;
			sourceTree = "<group>";
		};
		D52485E521E873480001991F /* LaunchScreen.storyboard */ = {
			isa = PBXVariantGroup;
			children = (
				D52485E621E873480001991F /* Base */,
			);
			name = LaunchScreen.storyboard;
			sourceTree = "<group>";
		};
/* End PBXVariantGroup section */

/* Begin XCBuildConfiguration section */
		D52485FF21E873480001991F /* Debug */ = {
			isa = XCBuildConfiguration;
			buildSettings = {
				ALWAYS_SEARCH_USER_PATHS = NO;
				CLANG_ANALYZER_NONNULL = YES;
				CLANG_ANALYZER_NUMBER_OBJECT_CONVERSION = YES_AGGRESSIVE;
				CLANG_CXX_LANGUAGE_STANDARD = "gnu++14";
				CLANG_CXX_LIBRARY = "libc++";
				CLANG_ENABLE_MODULES = YES;
				CLANG_ENABLE_OBJC_ARC = YES;
				CLANG_ENABLE_OBJC_WEAK = YES;
				CLANG_WARN_BLOCK_CAPTURE_AUTORELEASING = YES;
				CLANG_WARN_BOOL_CONVERSION = YES;
				CLANG_WARN_COMMA = YES;
				CLANG_WARN_CONSTANT_CONVERSION = YES;
				CLANG_WARN_DEPRECATED_OBJC_IMPLEMENTATIONS = YES;
				CLANG_WARN_DIRECT_OBJC_ISA_USAGE = YES_ERROR;
				CLANG_WARN_DOCUMENTATION_COMMENTS = YES;
				CLANG_WARN_EMPTY_BODY = YES;
				CLANG_WARN_ENUM_CONVERSION = YES;
				CLANG_WARN_INFINITE_RECURSION = YES;
				CLANG_WARN_INT_CONVERSION = YES;
				CLANG_WARN_NON_LITERAL_NULL_CONVERSION = YES;
				CLANG_WARN_OBJC_IMPLICIT_RETAIN_SELF = YES;
				CLANG_WARN_OBJC_LITERAL_CONVERSION = YES;
				CLANG_WARN_OBJC_ROOT_CLASS = YES_ERROR;
				CLANG_WARN_RANGE_LOOP_ANALYSIS = YES;
				CLANG_WARN_STRICT_PROTOTYPES = YES;
				CLANG_WARN_SUSPICIOUS_MOVE = YES;
				CLANG_WARN_UNGUARDED_AVAILABILITY = YES_AGGRESSIVE;
				CLANG_WARN_UNREACHABLE_CODE = YES;
				CLANG_WARN__DUPLICATE_METHOD_MATCH = YES;
				CODE_SIGN_IDENTITY = "iPhone Developer";
				COPY_PHASE_STRIP = NO;
				DEBUG_INFORMATION_FORMAT = dwarf;
				ENABLE_STRICT_OBJC_MSGSEND = YES;
				ENABLE_TESTABILITY = YES;
				GCC_C_LANGUAGE_STANDARD = gnu11;
				GCC_DYNAMIC_NO_PIC = NO;
				GCC_NO_COMMON_BLOCKS = YES;
				GCC_OPTIMIZATION_LEVEL = 0;
				GCC_PREPROCESSOR_DEFINITIONS = (
					"DEBUG=1",
					"$(inherited)",
				);
				GCC_WARN_64_TO_32_BIT_CONVERSION = YES;
				GCC_WARN_ABOUT_RETURN_TYPE = YES_ERROR;
				GCC_WARN_UNDECLARED_SELECTOR = YES;
				GCC_WARN_UNINITIALIZED_AUTOS = YES_AGGRESSIVE;
				GCC_WARN_UNUSED_FUNCTION = YES;
				GCC_WARN_UNUSED_VARIABLE = YES;
				IPHONEOS_DEPLOYMENT_TARGET = 12.1;
				MTL_ENABLE_DEBUG_INFO = INCLUDE_SOURCE;
				MTL_FAST_MATH = YES;
				ONLY_ACTIVE_ARCH = YES;
				SDKROOT = iphoneos;
				SWIFT_ACTIVE_COMPILATION_CONDITIONS = DEBUG;
				SWIFT_OPTIMIZATION_LEVEL = "-Onone";
			};
			name = Debug;
		};
		D524860021E873480001991F /* Release */ = {
			isa = XCBuildConfiguration;
			buildSettings = {
				ALWAYS_SEARCH_USER_PATHS = NO;
				CLANG_ANALYZER_NONNULL = YES;
				CLANG_ANALYZER_NUMBER_OBJECT_CONVERSION = YES_AGGRESSIVE;
				CLANG_CXX_LANGUAGE_STANDARD = "gnu++14";
				CLANG_CXX_LIBRARY = "libc++";
				CLANG_ENABLE_MODULES = YES;
				CLANG_ENABLE_OBJC_ARC = YES;
				CLANG_ENABLE_OBJC_WEAK = YES;
				CLANG_WARN_BLOCK_CAPTURE_AUTORELEASING = YES;
				CLANG_WARN_BOOL_CONVERSION = YES;
				CLANG_WARN_COMMA = YES;
				CLANG_WARN_CONSTANT_CONVERSION = YES;
				CLANG_WARN_DEPRECATED_OBJC_IMPLEMENTATIONS = YES;
				CLANG_WARN_DIRECT_OBJC_ISA_USAGE = YES_ERROR;
				CLANG_WARN_DOCUMENTATION_COMMENTS = YES;
				CLANG_WARN_EMPTY_BODY = YES;
				CLANG_WARN_ENUM_CONVERSION = YES;
				CLANG_WARN_INFINITE_RECURSION = YES;
				CLANG_WARN_INT_CONVERSION = YES;
				CLANG_WARN_NON_LITERAL_NULL_CONVERSION = YES;
				CLANG_WARN_OBJC_IMPLICIT_RETAIN_SELF = YES;
				CLANG_WARN_OBJC_LITERAL_CONVERSION = YES;
				CLANG_WARN_OBJC_ROOT_CLASS = YES_ERROR;
				CLANG_WARN_RANGE_LOOP_ANALYSIS = YES;
				CLANG_WARN_STRICT_PROTOTYPES = YES;
				CLANG_WARN_SUSPICIOUS_MOVE = YES;
				CLANG_WARN_UNGUARDED_AVAILABILITY = YES_AGGRESSIVE;
				CLANG_WARN_UNREACHABLE_CODE = YES;
				CLANG_WARN__DUPLICATE_METHOD_MATCH = YES;
				CODE_SIGN_IDENTITY = "iPhone Developer";
				COPY_PHASE_STRIP = NO;
				DEBUG_INFORMATION_FORMAT = "dwarf-with-dsym";
				ENABLE_NS_ASSERTIONS = NO;
				ENABLE_STRICT_OBJC_MSGSEND = YES;
				GCC_C_LANGUAGE_STANDARD = gnu11;
				GCC_NO_COMMON_BLOCKS = YES;
				GCC_WARN_64_TO_32_BIT_CONVERSION = YES;
				GCC_WARN_ABOUT_RETURN_TYPE = YES_ERROR;
				GCC_WARN_UNDECLARED_SELECTOR = YES;
				GCC_WARN_UNINITIALIZED_AUTOS = YES_AGGRESSIVE;
				GCC_WARN_UNUSED_FUNCTION = YES;
				GCC_WARN_UNUSED_VARIABLE = YES;
				IPHONEOS_DEPLOYMENT_TARGET = 12.1;
				MTL_ENABLE_DEBUG_INFO = NO;
				MTL_FAST_MATH = YES;
				SDKROOT = iphoneos;
				SWIFT_COMPILATION_MODE = wholemodule;
				SWIFT_OPTIMIZATION_LEVEL = "-O";
				VALIDATE_PRODUCT = YES;
			};
			name = Release;
		};
		D524860221E873480001991F /* Debug */ = {
			isa = XCBuildConfiguration;
			buildSettings = {
				ASSETCATALOG_COMPILER_APPICON_NAME = AppIcon;
				CODE_SIGN_STYLE = Automatic;
				DEVELOPMENT_TEAM = ER8EZBS25Y;
				INFOPLIST_FILE = ZXSwitch/Info.plist;
				LD_RUNPATH_SEARCH_PATHS = (
					"$(inherited)",
					"@executable_path/Frameworks",
				);
				PRODUCT_BUNDLE_IDENTIFIER = com.jt.zx.ZXSwitch;
				PRODUCT_NAME = "$(TARGET_NAME)";
				SWIFT_VERSION = 4.2;
				TARGETED_DEVICE_FAMILY = "1,2";
			};
			name = Debug;
		};
		D524860321E873480001991F /* Release */ = {
			isa = XCBuildConfiguration;
			buildSettings = {
				ASSETCATALOG_COMPILER_APPICON_NAME = AppIcon;
				CODE_SIGN_STYLE = Automatic;
				DEVELOPMENT_TEAM = ER8EZBS25Y;
				INFOPLIST_FILE = ZXSwitch/Info.plist;
				LD_RUNPATH_SEARCH_PATHS = (
					"$(inherited)",
					"@executable_path/Frameworks",
				);
				PRODUCT_BUNDLE_IDENTIFIER = com.jt.zx.ZXSwitch;
				PRODUCT_NAME = "$(TARGET_NAME)";
				SWIFT_VERSION = 4.2;
				TARGETED_DEVICE_FAMILY = "1,2";
			};
			name = Release;
		};
		D524860521E873480001991F /* Debug */ = {
			isa = XCBuildConfiguration;
			buildSettings = {
				ALWAYS_EMBED_SWIFT_STANDARD_LIBRARIES = YES;
				BUNDLE_LOADER = "$(TEST_HOST)";
				CODE_SIGN_STYLE = Automatic;
				DEVELOPMENT_TEAM = ER8EZBS25Y;
				INFOPLIST_FILE = ZXSwitchTests/Info.plist;
				LD_RUNPATH_SEARCH_PATHS = (
					"$(inherited)",
					"@executable_path/Frameworks",
					"@loader_path/Frameworks",
				);
				PRODUCT_BUNDLE_IDENTIFIER = com.jt.zx.ZXSwitchTests;
				PRODUCT_NAME = "$(TARGET_NAME)";
				SWIFT_VERSION = 4.2;
				TARGETED_DEVICE_FAMILY = "1,2";
				TEST_HOST = "$(BUILT_PRODUCTS_DIR)/ZXSwitch.app/ZXSwitch";
			};
			name = Debug;
		};
		D524860621E873480001991F /* Release */ = {
			isa = XCBuildConfiguration;
			buildSettings = {
				ALWAYS_EMBED_SWIFT_STANDARD_LIBRARIES = YES;
				BUNDLE_LOADER = "$(TEST_HOST)";
				CODE_SIGN_STYLE = Automatic;
				DEVELOPMENT_TEAM = ER8EZBS25Y;
				INFOPLIST_FILE = ZXSwitchTests/Info.plist;
				LD_RUNPATH_SEARCH_PATHS = (
					"$(inherited)",
					"@executable_path/Frameworks",
					"@loader_path/Frameworks",
				);
				PRODUCT_BUNDLE_IDENTIFIER = com.jt.zx.ZXSwitchTests;
				PRODUCT_NAME = "$(TARGET_NAME)";
				SWIFT_VERSION = 4.2;
				TARGETED_DEVICE_FAMILY = "1,2";
				TEST_HOST = "$(BUILT_PRODUCTS_DIR)/ZXSwitch.app/ZXSwitch";
			};
			name = Release;
		};
		D524860821E873480001991F /* Debug */ = {
			isa = XCBuildConfiguration;
			buildSettings = {
				ALWAYS_EMBED_SWIFT_STANDARD_LIBRARIES = YES;
				CODE_SIGN_STYLE = Automatic;
				DEVELOPMENT_TEAM = ER8EZBS25Y;
				INFOPLIST_FILE = ZXSwitchUITests/Info.plist;
				LD_RUNPATH_SEARCH_PATHS = (
					"$(inherited)",
					"@executable_path/Frameworks",
					"@loader_path/Frameworks",
				);
				PRODUCT_BUNDLE_IDENTIFIER = com.jt.zx.ZXSwitchUITests;
				PRODUCT_NAME = "$(TARGET_NAME)";
				SWIFT_VERSION = 4.2;
				TARGETED_DEVICE_FAMILY = "1,2";
				TEST_TARGET_NAME = ZXSwitch;
			};
			name = Debug;
		};
		D524860921E873480001991F /* Release */ = {
			isa = XCBuildConfiguration;
			buildSettings = {
				ALWAYS_EMBED_SWIFT_STANDARD_LIBRARIES = YES;
				CODE_SIGN_STYLE = Automatic;
				DEVELOPMENT_TEAM = ER8EZBS25Y;
				INFOPLIST_FILE = ZXSwitchUITests/Info.plist;
				LD_RUNPATH_SEARCH_PATHS = (
					"$(inherited)",
					"@executable_path/Frameworks",
					"@loader_path/Frameworks",
				);
				PRODUCT_BUNDLE_IDENTIFIER = com.jt.zx.ZXSwitchUITests;
				PRODUCT_NAME = "$(TARGET_NAME)";
				SWIFT_VERSION = 4.2;
				TARGETED_DEVICE_FAMILY = "1,2";
				TEST_TARGET_NAME = ZXSwitch;
			};
			name = Release;
		};
/* End XCBuildConfiguration section */

/* Begin XCConfigurationList section */
		D52485D421E873470001991F /* Build configuration list for PBXProject "ZXSwitch" */ = {
			isa = XCConfigurationList;
			buildConfigurations = (
				D52485FF21E873480001991F /* Debug */,
				D524860021E873480001991F /* Release */,
			);
			defaultConfigurationIsVisible = 0;
			defaultConfigurationName = Release;
		};
		D524860121E873480001991F /* Build configuration list for PBXNativeTarget "ZXSwitch" */ = {
			isa = XCConfigurationList;
			buildConfigurations = (
				D524860221E873480001991F /* Debug */,
				D524860321E873480001991F /* Release */,
			);
			defaultConfigurationIsVisible = 0;
			defaultConfigurationName = Release;
		};
		D524860421E873480001991F /* Build configuration list for PBXNativeTarget "ZXSwitchTests" */ = {
			isa = XCConfigurationList;
			buildConfigurations = (
				D524860521E873480001991F /* Debug */,
				D524860621E873480001991F /* Release */,
			);
			defaultConfigurationIsVisible = 0;
			defaultConfigurationName = Release;
		};
		D524860721E873480001991F /* Build configuration list for PBXNativeTarget "ZXSwitchUITests" */ = {
			isa = XCConfigurationList;
			buildConfigurations = (
				D524860821E873480001991F /* Debug */,
				D524860921E873480001991F /* Release */,
			);
			defaultConfigurationIsVisible = 0;
			defaultConfigurationName = Release;
		};
/* End XCConfigurationList section */
	};
	rootObject = D52485D121E873470001991F /* Project object */;
}
